
Microsoft Visual Studio Solution File, Format Version 12.00
Project("{FAE04EC0-301F-11D3-BF4B-00C04F79EFBC}") = "IntecoAG.XafExt.Ecm", "IntecoAG.XafExt.Ecm\IntecoAG.XafExt.Ecm.csproj", "{7F5E8CDB-5210-44C1-992D-3BE1DD03BB95}"
EndProject
Project("{FAE04EC0-301F-11D3-BF4B-00C04F79EFBC}") = "IntecoAG.XafExt.Ecm.Tests", "IntecoAG.XafExt.Ecm.Tests\IntecoAG.XafExt.Ecm.Tests.csproj", "{A3A44F89-8ADD-4E18-AD0A-C1A7DF2D9927}"
EndProject
Project("{FAE04EC0-301F-11D3-BF4B-00C04F79EFBC}") = "IntecoAG.XafExt.Ecm.WebStore", "IntecoAG.XafExt.Ecm.WebStore\IntecoAG.XafExt.Ecm.WebStore.csproj", "{B1F96274-381C-48B0-B4D8-A1499018170D}"
EndProject
Project("{FAE04EC0-301F-11D3-BF4B-00C04F79EFBC}") = "IntecoAG.XafExt.Ecm.WebStoreService", "IntecoAG.XafExt.Ecm.WebStoreService\IntecoAG.XafExt.Ecm.WebStoreService.csproj", "{8F5B10FF-E102-4E52-99BB-B3B916E562E6}"
EndProject
Global
	GlobalSection(SolutionConfigurationPlatforms) = preSolution
		Debug|Any CPU = Debug|Any CPU
		Release|Any CPU = Release|Any CPU
	EndGlobalSection
	GlobalSection(ProjectConfigurationPlatforms) = postSolution
		{7F5E8CDB-5210-44C1-992D-3BE1DD03BB95}.Debug|Any CPU.ActiveCfg = Debug|Any CPU
		{7F5E8CDB-5210-44C1-992D-3BE1DD03BB95}.Debug|Any CPU.Build.0 = Debug|Any CPU
		{7F5E8CDB-5210-44C1-992D-3BE1DD03BB95}.Release|Any CPU.ActiveCfg = Release|Any CPU
		{7F5E8CDB-5210-44C1-992D-3BE1DD03BB95}.Release|Any CPU.Build.0 = Release|Any CPU
		{A3A44F89-8ADD-4E18-AD0A-C1A7DF2D9927}.Debug|Any CPU.ActiveCfg = Debug|Any CPU
		{A3A44F89-8ADD-4E18-AD0A-C1A7DF2D9927}.Debug|Any CPU.Build.0 = Debug|Any CPU
		{A3A44F89-8ADD-4E18-AD0A-C1A7DF2D9927}.Release|Any CPU.ActiveCfg = Release|Any CPU
		{A3A44F89-8ADD-4E18-AD0A-C1A7DF2D9927}.Release|Any CPU.Build.0 = Release|Any CPU
		{B1F96274-381C-48B0-B4D8-A1499018170D}.Debug|Any CPU.ActiveCfg = Debug|Any CPU
		{B1F96274-381C-48B0-B4D8-A1499018170D}.Debug|Any CPU.Build.0 = Debug|Any CPU
		{B1F96274-381C-48B0-B4D8-A1499018170D}.Release|Any CPU.ActiveCfg = Release|Any CPU
		{B1F96274-381C-48B0-B4D8-A1499018170D}.Release|Any CPU.Build.0 = Release|Any CPU
		{8F5B10FF-E102-4E52-99BB-B3B916E562E6}.Debug|Any CPU.ActiveCfg = Debug|Any CPU
		{8F5B10FF-E102-4E52-99BB-B3B916E562E6}.Debug|Any CPU.Build.0 = Debug|Any CPU
		{8F5B10FF-E102-4E52-99BB-B3B916E562E6}.Release|Any CPU.ActiveCfg = Release|Any CPU
		{8F5B10FF-E102-4E52-99BB-B3B916E562E6}.Release|Any CPU.Build.0 = Release|Any CPU
	EndGlobalSection
EndGlobal
